// !$*UTF8*$!
{
	archiveVersion = 1;
	classes = {
	};
	objectVersion = 56;
	objects = {

/* Begin PBXBuildFile section */
		DE3CE5F72B2A805B0087181B /* CarousalCell.swift in Sources */ = {isa = PBXBuildFile; fileRef = DE3CE5F62B2A805B0087181B /* CarousalCell.swift */; };
		DEA9B5952B29EA1E0074412E /* CarousalApp.swift in Sources */ = {isa = PBXBuildFile; fileRef = DEA9B5942B29EA1E0074412E /* CarousalApp.swift */; };
		DEA9B5972B29EA1E0074412E /* ContentView.swift in Sources */ = {isa = PBXBuildFile; fileRef = DEA9B5962B29EA1E0074412E /* ContentView.swift */; };
		DEA9B5992B29EA200074412E /* Assets.xcassets in Resources */ = {isa = PBXBuildFile; fileRef = DEA9B5982B29EA200074412E /* Assets.xcassets */; };
		DEA9B59C2B29EA200074412E /* Preview Assets.xcassets in Resources */ = {isa = PBXBuildFile; fileRef = DEA9B59B2B29EA200074412E /* Preview Assets.xcassets */; };
		DEA9B5A32B29EAB80074412E /* CarousalView.swift in Sources */ = {isa = PBXBuildFile; fileRef = DEA9B5A22B29EAB80074412E /* CarousalView.swift */; };
		DED149722B2C9125001560B3 /* Gesture.swift in Sources */ = {isa = PBXBuildFile; fileRef = DED1496F2B2C9125001560B3 /* Gesture.swift */; };
		DED149732B2C9125001560B3 /* ScrollTransitions.swift in Sources */ = {isa = PBXBuildFile; fileRef = DED149712B2C9125001560B3 /* ScrollTransitions.swift */; };
/* End PBXBuildFile section */

/* Begin PBXFileReference section */
		DE3CE5F62B2A805B0087181B /* CarousalCell.swift */ = {isa = PBXFileReference; lastKnownFileType = sourcecode.swift; path = CarousalCell.swift; sourceTree = "<group>"; };
		DEA9B5912B29EA1E0074412E /* Carousal.app */ = {isa = PBXFileReference; explicitFileType = wrapper.application; includeInIndex = 0; path = Carousal.app; sourceTree = BUILT_PRODUCTS_DIR; };
		DEA9B5942B29EA1E0074412E /* CarousalApp.swift */ = {isa = PBXFileReference; lastKnownFileType = sourcecode.swift; path = CarousalApp.swift; sourceTree = "<group>"; };
		DEA9B5962B29EA1E0074412E /* ContentView.swift */ = {isa = PBXFileReference; lastKnownFileType = sourcecode.swift; path = ContentView.swift; sourceTree = "<group>"; };
		DEA9B5982B29EA200074412E /* Assets.xcassets */ = {isa = PBXFileReference; lastKnownFileType = folder.assetcatalog; path = Assets.xcassets; sourceTree = "<group>"; };
		DEA9B59B2B29EA200074412E /* Preview Assets.xcassets */ = {isa = PBXFileReference; lastKnownFileType = folder.assetcatalog; path = "Preview Assets.xcassets"; sourceTree = "<group>"; };
		DEA9B5A22B29EAB80074412E /* CarousalView.swift */ = {isa = PBXFileReference; lastKnownFileType = sourcecode.swift; path = CarousalView.swift; sourceTree = "<group>"; };
		DED1496F2B2C9125001560B3 /* Gesture.swift */ = {isa = PBXFileReference; fileEncoding = 4; lastKnownFileType = sourcecode.swift; path = Gesture.swift; sourceTree = "<group>"; };
		DED149712B2C9125001560B3 /* ScrollTransitions.swift */ = {isa = PBXFileReference; fileEncoding = 4; lastKnownFileType = sourcecode.swift; path = ScrollTransitions.swift; sourceTree = "<group>"; };
/* End PBXFileReference section */

/* Begin PBXFrameworksBuildPhase section */
		DEA9B58E2B29EA1E0074412E /* Frameworks */ = {
			isa = PBXFrameworksBuildPhase;
			buildActionMask = 2147483647;
			files = (
			);
			runOnlyForDeploymentPostprocessing = 0;
		};
/* End PBXFrameworksBuildPhase section */

/* Begin PBXGroup section */
		DEA9B5882B29EA1E0074412E = {
			isa = PBXGroup;
			children = (
				DEA9B5932B29EA1E0074412E /* Carousal */,
				DEA9B5922B29EA1E0074412E /* Products */,
			);
			sourceTree = "<group>";
		};
		DEA9B5922B29EA1E0074412E /* Products */ = {
			isa = PBXGroup;
			children = (
				DEA9B5912B29EA1E0074412E /* Carousal.app */,
			);
			name = Products;
			sourceTree = "<group>";
		};
		DEA9B5932B29EA1E0074412E /* Carousal */ = {
			isa = PBXGroup;
			children = (
				DED149742B2C912A001560B3 /* Carousal */,
				DED1496E2B2C9125001560B3 /* Gestures */,
				DED149702B2C9125001560B3 /* ScrollTransitions */,
				DEA9B5942B29EA1E0074412E /* CarousalApp.swift */,
				DEA9B5962B29EA1E0074412E /* ContentView.swift */,
				DEA9B5982B29EA200074412E /* Assets.xcassets */,
				DEA9B59A2B29EA200074412E /* Preview Content */,
			);
			path = Carousal;
			sourceTree = "<group>";
		};
		DEA9B59A2B29EA200074412E /* Preview Content */ = {
			isa = PBXGroup;
			children = (
				DEA9B59B2B29EA200074412E /* Preview Assets.xcassets */,
			);
			path = "Preview Content";
			sourceTree = "<group>";
		};
		DED1496E2B2C9125001560B3 /* Gestures */ = {
			isa = PBXGroup;
			children = (
				DED1496F2B2C9125001560B3 /* Gesture.swift */,
			);
			path = Gestures;
			sourceTree = "<group>";
		};
		DED149702B2C9125001560B3 /* ScrollTransitions */ = {
			isa = PBXGroup;
			children = (
				DED149712B2C9125001560B3 /* ScrollTransitions.swift */,
			);
			path = ScrollTransitions;
			sourceTree = "<group>";
		};
		DED149742B2C912A001560B3 /* Carousal */ = {
			isa = PBXGroup;
			children = (
				DEA9B5A22B29EAB80074412E /* CarousalView.swift */,
				DE3CE5F62B2A805B0087181B /* CarousalCell.swift */,
			);
			path = Carousal;
			sourceTree = "<group>";
		};
/* End PBXGroup section */

/* Begin PBXNativeTarget section */
		DEA9B5902B29EA1E0074412E /* Carousal */ = {
			isa = PBXNativeTarget;
			buildConfigurationList = DEA9B59F2B29EA200074412E /* Build configuration list for PBXNativeTarget "Carousal" */;
			buildPhases = (
				DEA9B58D2B29EA1E0074412E /* Sources */,
				DEA9B58E2B29EA1E0074412E /* Frameworks */,
				DEA9B58F2B29EA1E0074412E /* Resources */,
			);
			buildRules = (
			);
			dependencies = (
			);
			name = Carousal;
			productName = Carousal;
			productReference = DEA9B5912B29EA1E0074412E /* Carousal.app */;
			productType = "com.apple.product-type.application";
		};
/* End PBXNativeTarget section */

/* Begin PBXProject section */
		DEA9B5892B29EA1E0074412E /* Project object */ = {
			isa = PBXProject;
			attributes = {
				BuildIndependentTargetsInParallel = 1;
				LastSwiftUpdateCheck = 1510;
				LastUpgradeCheck = 1510;
				TargetAttributes = {
					DEA9B5902B29EA1E0074412E = {
						CreatedOnToolsVersion = 15.1;
					};
				};
			};
			buildConfigurationList = DEA9B58C2B29EA1E0074412E /* Build configuration list for PBXProject "Carousal" */;
			compatibilityVersion = "Xcode 14.0";
			developmentRegion = en;
			hasScannedForEncodings = 0;
			knownRegions = (
				en,
				Base,
			);
			mainGroup = DEA9B5882B29EA1E0074412E;
			productRefGroup = DEA9B5922B29EA1E0074412E /* Products */;
			projectDirPath = "";
			projectRoot = "";
			targets = (
				DEA9B5902B29EA1E0074412E /* Carousal */,
			);
		};
/* End PBXProject section */

/* Begin PBXResourcesBuildPhase section */
		DEA9B58F2B29EA1E0074412E /* Resources */ = {
			isa = PBXResourcesBuildPhase;
			buildActionMask = 2147483647;
			files = (
				DEA9B59C2B29EA200074412E /* Preview Assets.xcassets in Resources */,
				DEA9B5992B29EA200074412E /* Assets.xcassets in Resources */,
			);
			runOnlyForDeploymentPostprocessing = 0;
		};
/* End PBXResourcesBuildPhase section */

/* Begin PBXSourcesBuildPhase section */
		DEA9B58D2B29EA1E0074412E /* Sources */ = {
			isa = PBXSourcesBuildPhase;
			buildActionMask = 2147483647;
			files = (
				DEA9B5972B29EA1E0074412E /* ContentView.swift in Sources */,
				DEA9B5A32B29EAB80074412E /* CarousalView.swift in Sources */,
				DED149722B2C9125001560B3 /* Gesture.swift in Sources */,
				DEA9B5952B29EA1E0074412E /* CarousalApp.swift in Sources */,
				DE3CE5F72B2A805B0087181B /* CarousalCell.swift in Sources */,
				DED149732B2C9125001560B3 /* ScrollTransitions.swift in Sources */,
			);
			runOnlyForDeploymentPostprocessing = 0;
		};
/* End PBXSourcesBuildPhase section */

/* Begin XCBuildConfiguration section */
		DEA9B59D2B29EA200074412E /* Debug */ = {
			isa = XCBuildConfiguration;
			buildSettings = {
				ALWAYS_SEARCH_USER_PATHS = NO;
				ASSETCATALOG_COMPILER_GENERATE_SWIFT_ASSET_SYMBOL_EXTENSIONS = YES;
				CLANG_ANALYZER_NONNULL = YES;
				CLANG_ANALYZER_NUMBER_OBJECT_CONVERSION = YES_AGGRESSIVE;
				CLANG_CXX_LANGUAGE_STANDARD = "gnu++20";
				CLANG_ENABLE_MODULES = YES;
				CLANG_ENABLE_OBJC_ARC = YES;
				CLANG_ENABLE_OBJC_WEAK = YES;
				CLANG_WARN_BLOCK_CAPTURE_AUTORELEASING = YES;
				CLANG_WARN_BOOL_CONVERSION = YES;
				CLANG_WARN_COMMA = YES;
				CLANG_WARN_CONSTANT_CONVERSION = YES;
				CLANG_WARN_DEPRECATED_OBJC_IMPLEMENTATIONS = YES;
				CLANG_WARN_DIRECT_OBJC_ISA_USAGE = YES_ERROR;
				CLANG_WARN_DOCUMENTATION_COMMENTS = YES;
				CLANG_WARN_EMPTY_BODY = YES;
				CLANG_WARN_ENUM_CONVERSION = YES;
				CLANG_WARN_INFINITE_RECURSION = YES;
				CLANG_WARN_INT_CONVERSION = YES;
				CLANG_WARN_NON_LITERAL_NULL_CONVERSION = YES;
				CLANG_WARN_OBJC_IMPLICIT_RETAIN_SELF = YES;
				CLANG_WARN_OBJC_LITERAL_CONVERSION = YES;
				CLANG_WARN_OBJC_ROOT_CLASS = YES_ERROR;
				CLANG_WARN_QUOTED_INCLUDE_IN_FRAMEWORK_HEADER = YES;
				CLANG_WARN_RANGE_LOOP_ANALYSIS = YES;
				CLANG_WARN_STRICT_PROTOTYPES = YES;
				CLANG_WARN_SUSPICIOUS_MOVE = YES;
				CLANG_WARN_UNGUARDED_AVAILABILITY = YES_AGGRESSIVE;
				CLANG_WARN_UNREACHABLE_CODE = YES;
				CLANG_WARN__DUPLICATE_METHOD_MATCH = YES;
				COPY_PHASE_STRIP = NO;
				DEBUG_INFORMATION_FORMAT = dwarf;
				ENABLE_STRICT_OBJC_MSGSEND = YES;
				ENABLE_TESTABILITY = YES;
				ENABLE_USER_SCRIPT_SANDBOXING = YES;
				GCC_C_LANGUAGE_STANDARD = gnu17;
				GCC_DYNAMIC_NO_PIC = NO;
				GCC_NO_COMMON_BLOCKS = YES;
				GCC_OPTIMIZATION_LEVEL = 0;
				GCC_PREPROCESSOR_DEFINITIONS = (
					"DEBUG=1",
					"$(inherited)",
				);
				GCC_WARN_64_TO_32_BIT_CONVERSION = YES;
				GCC_WARN_ABOUT_RETURN_TYPE = YES_ERROR;
				GCC_WARN_UNDECLARED_SELECTOR = YES;
				GCC_WARN_UNINITIALIZED_AUTOS = YES_AGGRESSIVE;
				GCC_WARN_UNUSED_FUNCTION = YES;
				GCC_WARN_UNUSED_VARIABLE = YES;
				IPHONEOS_DEPLOYMENT_TARGET = 17.2;
				LOCALIZATION_PREFERS_STRING_CATALOGS = YES;
				MTL_ENABLE_DEBUG_INFO = INCLUDE_SOURCE;
				MTL_FAST_MATH = YES;
				ONLY_ACTIVE_ARCH = YES;
				SDKROOT = iphoneos;
				SWIFT_ACTIVE_COMPILATION_CONDITIONS = "DEBUG $(inherited)";
				SWIFT_OPTIMIZATION_LEVEL = "-Onone";
			};
			name = Debug;
		};
		DEA9B59E2B29EA200074412E /* Release */ = {
			isa = XCBuildConfiguration;
			buildSettings = {
				ALWAYS_SEARCH_USER_PATHS = NO;
				ASSETCATALOG_COMPILER_GENERATE_SWIFT_ASSET_SYMBOL_EXTENSIONS = YES;
				CLANG_ANALYZER_NONNULL = YES;
				CLANG_ANALYZER_NUMBER_OBJECT_CONVERSION = YES_AGGRESSIVE;
				CLANG_CXX_LANGUAGE_STANDARD = "gnu++20";
				CLANG_ENABLE_MODULES = YES;
				CLANG_ENABLE_OBJC_ARC = YES;
				CLANG_ENABLE_OBJC_WEAK = YES;
				CLANG_WARN_BLOCK_CAPTURE_AUTORELEASING = YES;
				CLANG_WARN_BOOL_CONVERSION = YES;
				CLANG_WARN_COMMA = YES;
				CLANG_WARN_CONSTANT_CONVERSION = YES;
				CLANG_WARN_DEPRECATED_OBJC_IMPLEMENTATIONS = YES;
				CLANG_WARN_DIRECT_OBJC_ISA_USAGE = YES_ERROR;
				CLANG_WARN_DOCUMENTATION_COMMENTS = YES;
				CLANG_WARN_EMPTY_BODY = YES;
				CLANG_WARN_ENUM_CONVERSION = YES;
				CLANG_WARN_INFINITE_RECURSION = YES;
				CLANG_WARN_INT_CONVERSION = YES;
				CLANG_WARN_NON_LITERAL_NULL_CONVERSION = YES;
				CLANG_WARN_OBJC_IMPLICIT_RETAIN_SELF = YES;
				CLANG_WARN_OBJC_LITERAL_CONVERSION = YES;
				CLANG_WARN_OBJC_ROOT_CLASS = YES_ERROR;
				CLANG_WARN_QUOTED_INCLUDE_IN_FRAMEWORK_HEADER = YES;
				CLANG_WARN_RANGE_LOOP_ANALYSIS = YES;
				CLANG_WARN_STRICT_PROTOTYPES = YES;
				CLANG_WARN_SUSPICIOUS_MOVE = YES;
				CLANG_WARN_UNGUARDED_AVAILABILITY = YES_AGGRESSIVE;
				CLANG_WARN_UNREACHABLE_CODE = YES;
				CLANG_WARN__DUPLICATE_METHOD_MATCH = YES;
				COPY_PHASE_STRIP = NO;
				DEBUG_INFORMATION_FORMAT = "dwarf-with-dsym";
				ENABLE_NS_ASSERTIONS = NO;
				ENABLE_STRICT_OBJC_MSGSEND = YES;
				ENABLE_USER_SCRIPT_SANDBOXING = YES;
				GCC_C_LANGUAGE_STANDARD = gnu17;
				GCC_NO_COMMON_BLOCKS = YES;
				GCC_WARN_64_TO_32_BIT_CONVERSION = YES;
				GCC_WARN_ABOUT_RETURN_TYPE = YES_ERROR;
				GCC_WARN_UNDECLARED_SELECTOR = YES;
				GCC_WARN_UNINITIALIZED_AUTOS = YES_AGGRESSIVE;
				GCC_WARN_UNUSED_FUNCTION = YES;
				GCC_WARN_UNUSED_VARIABLE = YES;
				IPHONEOS_DEPLOYMENT_TARGET = 17.2;
				LOCALIZATION_PREFERS_STRING_CATALOGS = YES;
				MTL_ENABLE_DEBUG_INFO = NO;
				MTL_FAST_MATH = YES;
				SDKROOT = iphoneos;
				SWIFT_COMPILATION_MODE = wholemodule;
				VALIDATE_PRODUCT = YES;
			};
			name = Release;
		};
		DEA9B5A02B29EA200074412E /* Debug */ = {
			isa = XCBuildConfiguration;
			buildSettings = {
				ASSETCATALOG_COMPILER_APPICON_NAME = AppIcon;
				ASSETCATALOG_COMPILER_GLOBAL_ACCENT_COLOR_NAME = AccentColor;
				CODE_SIGN_STYLE = Automatic;
				CURRENT_PROJECT_VERSION = 1;
				DEVELOPMENT_ASSET_PATHS = "\"Carousal/Preview Content\"";
				DEVELOPMENT_TEAM = C56CF3UWG4;
				ENABLE_PREVIEWS = YES;
				GENERATE_INFOPLIST_FILE = YES;
				INFOPLIST_KEY_UIApplicationSceneManifest_Generation = YES;
				INFOPLIST_KEY_UIApplicationSupportsIndirectInputEvents = YES;
				INFOPLIST_KEY_UILaunchScreen_Generation = YES;
				INFOPLIST_KEY_UISupportedInterfaceOrientations_iPad = "UIInterfaceOrientationPortrait UIInterfaceOrientationPortraitUpsideDown UIInterfaceOrientationLandscapeLeft UIInterfaceOrientationLandscapeRight";
				INFOPLIST_KEY_UISupportedInterfaceOrientations_iPhone = "UIInterfaceOrientationPortrait UIInterfaceOrientationLandscapeLeft UIInterfaceOrientationLandscapeRight";
				IPHONEOS_DEPLOYMENT_TARGET = 17.0;
				LD_RUNPATH_SEARCH_PATHS = (
					"$(inherited)",
					"@executable_path/Frameworks",
				);
				MARKETING_VERSION = 1.0;
				PRODUCT_BUNDLE_IDENTIFIER = com.kehwaweng.Carousal;
				PRODUCT_NAME = "$(TARGET_NAME)";
				SWIFT_EMIT_LOC_STRINGS = YES;
				SWIFT_VERSION = 5.0;
				TARGETED_DEVICE_FAMILY = "1,2";
			};
			name = Debug;
		};
		DEA9B5A12B29EA200074412E /* Release */ = {
			isa = XCBuildConfiguration;
			buildSettings = {
				ASSETCATALOG_COMPILER_APPICON_NAME = AppIcon;
				ASSETCATALOG_COMPILER_GLOBAL_ACCENT_COLOR_NAME = AccentColor;
				CODE_SIGN_STYLE = Automatic;
				CURRENT_PROJECT_VERSION = 1;
				DEVELOPMENT_ASSET_PATHS = "\"Carousal/Preview Content\"";
				DEVELOPMENT_TEAM = C56CF3UWG4;
				ENABLE_PREVIEWS = YES;
				GENERATE_INFOPLIST_FILE = YES;
				INFOPLIST_KEY_UIApplicationSceneManifest_Generation = YES;
				INFOPLIST_KEY_UIApplicationSupportsIndirectInputEvents = YES;
				INFOPLIST_KEY_UILaunchScreen_Generation = YES;
				INFOPLIST_KEY_UISupportedInterfaceOrientations_iPad = "UIInterfaceOrientationPortrait UIInterfaceOrientationPortraitUpsideDown UIInterfaceOrientationLandscapeLeft UIInterfaceOrientationLandscapeRight";
				INFOPLIST_KEY_UISupportedInterfaceOrientations_iPhone = "UIInterfaceOrientationPortrait UIInterfaceOrientationLandscapeLeft UIInterfaceOrientationLandscapeRight";
				IPHONEOS_DEPLOYMENT_TARGET = 17.0;
				LD_RUNPATH_SEARCH_PATHS = (
					"$(inherited)",
					"@executable_path/Frameworks",
				);
				MARKETING_VERSION = 1.0;
				PRODUCT_BUNDLE_IDENTIFIER = com.kehwaweng.Carousal;
				PRODUCT_NAME = "$(TARGET_NAME)";
				SWIFT_EMIT_LOC_STRINGS = YES;
				SWIFT_VERSION = 5.0;
				TARGETED_DEVICE_FAMILY = "1,2";
			};
			name = Release;
		};
/* End XCBuildConfiguration section */

/* Begin XCConfigurationList section */
		DEA9B58C2B29EA1E0074412E /* Build configuration list for PBXProject "Carousal" */ = {
			isa = XCConfigurationList;
			buildConfigurations = (
				DEA9B59D2B29EA200074412E /* Debug */,
				DEA9B59E2B29EA200074412E /* Release */,
			);
			defaultConfigurationIsVisible = 0;
			defaultConfigurationName = Release;
		};
		DEA9B59F2B29EA200074412E /* Build configuration list for PBXNativeTarget "Carousal" */ = {
			isa = XCConfigurationList;
			buildConfigurations = (
				DEA9B5A02B29EA200074412E /* Debug */,
				DEA9B5A12B29EA200074412E /* Release */,
			);
			defaultConfigurationIsVisible = 0;
			defaultConfigurationName = Release;
		};
/* End XCConfigurationList section */
	};
	rootObject = DEA9B5892B29EA1E0074412E /* Project object */;
}
