// !$*UTF8*$!
{
	archiveVersion = 1;
	classes = {
	};
	objectVersion = 56;
	objects = {

/* Begin PBXBuildFile section */
		DE14C1512B44344300C5B5BB /* ScrollProgressView.swift in Sources */ = {isa = PBXBuildFile; fileRef = DE14C1502B44344300C5B5BB /* ScrollProgressView.swift */; };
		DE29B6D22B2FD495006CC373 /* galleryApp.swift in Sources */ = {isa = PBXBuildFile; fileRef = DE29B6D12B2FD495006CC373 /* galleryApp.swift */; };
		DE29B6D42B2FD495006CC373 /* ContentView.swift in Sources */ = {isa = PBXBuildFile; fileRef = DE29B6D32B2FD495006CC373 /* ContentView.swift */; };
		DE29B6D62B2FD497006CC373 /* Assets.xcassets in Resources */ = {isa = PBXBuildFile; fileRef = DE29B6D52B2FD497006CC373 /* Assets.xcassets */; };
		DE29B6D92B2FD497006CC373 /* Preview Assets.xcassets in Resources */ = {isa = PBXBuildFile; fileRef = DE29B6D82B2FD497006CC373 /* Preview Assets.xcassets */; };
		DE2B5B772B32FDAC00A19C02 /* DragDropView.swift in Sources */ = {isa = PBXBuildFile; fileRef = DE2B5B762B32FDAC00A19C02 /* DragDropView.swift */; };
		DE2B5B792B32FF5900A19C02 /* DropViewDelegate.swift in Sources */ = {isa = PBXBuildFile; fileRef = DE2B5B782B32FF5900A19C02 /* DropViewDelegate.swift */; };
		DE83A42D2B33BF210050523F /* DragV2View.swift in Sources */ = {isa = PBXBuildFile; fileRef = DE83A42C2B33BF210050523F /* DragV2View.swift */; };
		DEA7195F2B31264A002C8A7E /* Toast.swift in Sources */ = {isa = PBXBuildFile; fileRef = DEA7194D2B312649002C8A7E /* Toast.swift */; };
		DEA719602B31264A002C8A7E /* Gesture.swift in Sources */ = {isa = PBXBuildFile; fileRef = DEA7194F2B312649002C8A7E /* Gesture.swift */; };
		DEA719612B31264A002C8A7E /* RollingDiceView.swift in Sources */ = {isa = PBXBuildFile; fileRef = DEA719512B312649002C8A7E /* RollingDiceView.swift */; };
		DEA719622B31264A002C8A7E /* ColorCardsGestureRotationView.swift in Sources */ = {isa = PBXBuildFile; fileRef = DEA719532B312649002C8A7E /* ColorCardsGestureRotationView.swift */; };
		DEA719632B31264A002C8A7E /* TipView.swift in Sources */ = {isa = PBXBuildFile; fileRef = DEA719552B312649002C8A7E /* TipView.swift */; };
		DEA719642B31264A002C8A7E /* LiquidButtonView.swift in Sources */ = {isa = PBXBuildFile; fileRef = DEA719572B312649002C8A7E /* LiquidButtonView.swift */; };
		DEA719652B31264A002C8A7E /* CarousalView.swift in Sources */ = {isa = PBXBuildFile; fileRef = DEA719592B312649002C8A7E /* CarousalView.swift */; };
		DEA719662B31264A002C8A7E /* CarousalCell.swift in Sources */ = {isa = PBXBuildFile; fileRef = DEA7195A2B312649002C8A7E /* CarousalCell.swift */; };
		DEA719672B31264A002C8A7E /* ScrollTransitions.swift in Sources */ = {isa = PBXBuildFile; fileRef = DEA7195C2B312649002C8A7E /* ScrollTransitions.swift */; };
		DEA719682B31264A002C8A7E /* MorphingDragEffectView.swift in Sources */ = {isa = PBXBuildFile; fileRef = DEA7195E2B31264A002C8A7E /* MorphingDragEffectView.swift */; };
		DEB9807A2B4449750083DC50 /* SearchableBar.swift in Sources */ = {isa = PBXBuildFile; fileRef = DEB980792B4449750083DC50 /* SearchableBar.swift */; };
		DEBA94F32B367ABF006F1FF2 /* ThemeChangeView.swift in Sources */ = {isa = PBXBuildFile; fileRef = DEBA94F22B367ABF006F1FF2 /* ThemeChangeView.swift */; };
		DEE7B3982B31719F00807354 /* ArticleVIew.swift in Sources */ = {isa = PBXBuildFile; fileRef = DEE7B3972B31719F00807354 /* ArticleVIew.swift */; };
		DEF3F11C2B3453C300FBAE33 /* Expense.swift in Sources */ = {isa = PBXBuildFile; fileRef = DEF3F11B2B3453C300FBAE33 /* Expense.swift */; };
		DEF3F11E2B34546C00FBAE33 /* Home.swift in Sources */ = {isa = PBXBuildFile; fileRef = DEF3F11D2B34546C00FBAE33 /* Home.swift */; };
/* End PBXBuildFile section */

/* Begin PBXFileReference section */
		DE14C1502B44344300C5B5BB /* ScrollProgressView.swift */ = {isa = PBXFileReference; lastKnownFileType = sourcecode.swift; path = ScrollProgressView.swift; sourceTree = "<group>"; };
		DE29B6CE2B2FD495006CC373 /* gallery.app */ = {isa = PBXFileReference; explicitFileType = wrapper.application; includeInIndex = 0; path = gallery.app; sourceTree = BUILT_PRODUCTS_DIR; };
		DE29B6D12B2FD495006CC373 /* galleryApp.swift */ = {isa = PBXFileReference; lastKnownFileType = sourcecode.swift; path = galleryApp.swift; sourceTree = "<group>"; };
		DE29B6D32B2FD495006CC373 /* ContentView.swift */ = {isa = PBXFileReference; lastKnownFileType = sourcecode.swift; path = ContentView.swift; sourceTree = "<group>"; };
		DE29B6D52B2FD497006CC373 /* Assets.xcassets */ = {isa = PBXFileReference; lastKnownFileType = folder.assetcatalog; path = Assets.xcassets; sourceTree = "<group>"; };
		DE29B6D82B2FD497006CC373 /* Preview Assets.xcassets */ = {isa = PBXFileReference; lastKnownFileType = folder.assetcatalog; path = "Preview Assets.xcassets"; sourceTree = "<group>"; };
		DE2B5B762B32FDAC00A19C02 /* DragDropView.swift */ = {isa = PBXFileReference; lastKnownFileType = sourcecode.swift; path = DragDropView.swift; sourceTree = "<group>"; };
		DE2B5B782B32FF5900A19C02 /* DropViewDelegate.swift */ = {isa = PBXFileReference; lastKnownFileType = sourcecode.swift; path = DropViewDelegate.swift; sourceTree = "<group>"; };
		DE83A42C2B33BF210050523F /* DragV2View.swift */ = {isa = PBXFileReference; lastKnownFileType = sourcecode.swift; path = DragV2View.swift; sourceTree = "<group>"; };
		DEA7194D2B312649002C8A7E /* Toast.swift */ = {isa = PBXFileReference; fileEncoding = 4; lastKnownFileType = sourcecode.swift; path = Toast.swift; sourceTree = "<group>"; };
		DEA7194F2B312649002C8A7E /* Gesture.swift */ = {isa = PBXFileReference; fileEncoding = 4; lastKnownFileType = sourcecode.swift; path = Gesture.swift; sourceTree = "<group>"; };
		DEA719512B312649002C8A7E /* RollingDiceView.swift */ = {isa = PBXFileReference; fileEncoding = 4; lastKnownFileType = sourcecode.swift; path = RollingDiceView.swift; sourceTree = "<group>"; };
		DEA719532B312649002C8A7E /* ColorCardsGestureRotationView.swift */ = {isa = PBXFileReference; fileEncoding = 4; lastKnownFileType = sourcecode.swift; path = ColorCardsGestureRotationView.swift; sourceTree = "<group>"; };
		DEA719552B312649002C8A7E /* TipView.swift */ = {isa = PBXFileReference; fileEncoding = 4; lastKnownFileType = sourcecode.swift; path = TipView.swift; sourceTree = "<group>"; };
		DEA719572B312649002C8A7E /* LiquidButtonView.swift */ = {isa = PBXFileReference; fileEncoding = 4; lastKnownFileType = sourcecode.swift; path = LiquidButtonView.swift; sourceTree = "<group>"; };
		DEA719592B312649002C8A7E /* CarousalView.swift */ = {isa = PBXFileReference; fileEncoding = 4; lastKnownFileType = sourcecode.swift; path = CarousalView.swift; sourceTree = "<group>"; };
		DEA7195A2B312649002C8A7E /* CarousalCell.swift */ = {isa = PBXFileReference; fileEncoding = 4; lastKnownFileType = sourcecode.swift; path = CarousalCell.swift; sourceTree = "<group>"; };
		DEA7195C2B312649002C8A7E /* ScrollTransitions.swift */ = {isa = PBXFileReference; fileEncoding = 4; lastKnownFileType = sourcecode.swift; path = ScrollTransitions.swift; sourceTree = "<group>"; };
		DEA7195E2B31264A002C8A7E /* MorphingDragEffectView.swift */ = {isa = PBXFileReference; fileEncoding = 4; lastKnownFileType = sourcecode.swift; path = MorphingDragEffectView.swift; sourceTree = "<group>"; };
		DEB980792B4449750083DC50 /* SearchableBar.swift */ = {isa = PBXFileReference; lastKnownFileType = sourcecode.swift; path = SearchableBar.swift; sourceTree = "<group>"; };
		DEBA94F22B367ABF006F1FF2 /* ThemeChangeView.swift */ = {isa = PBXFileReference; lastKnownFileType = sourcecode.swift; path = ThemeChangeView.swift; sourceTree = "<group>"; };
		DEE7B3972B31719F00807354 /* ArticleVIew.swift */ = {isa = PBXFileReference; lastKnownFileType = sourcecode.swift; path = ArticleVIew.swift; sourceTree = "<group>"; };
		DEF3F11B2B3453C300FBAE33 /* Expense.swift */ = {isa = PBXFileReference; lastKnownFileType = sourcecode.swift; path = Expense.swift; sourceTree = "<group>"; };
		DEF3F11D2B34546C00FBAE33 /* Home.swift */ = {isa = PBXFileReference; lastKnownFileType = sourcecode.swift; path = Home.swift; sourceTree = "<group>"; };
/* End PBXFileReference section */

/* Begin PBXFrameworksBuildPhase section */
		DE29B6CB2B2FD495006CC373 /* Frameworks */ = {
			isa = PBXFrameworksBuildPhase;
			buildActionMask = 2147483647;
			files = (
			);
			runOnlyForDeploymentPostprocessing = 0;
		};
/* End PBXFrameworksBuildPhase section */

/* Begin PBXGroup section */
		DE14C14F2B44342A00C5B5BB /* ScrollProgressTracker */ = {
			isa = PBXGroup;
			children = (
				DE14C1502B44344300C5B5BB /* ScrollProgressView.swift */,
			);
			path = ScrollProgressTracker;
			sourceTree = "<group>";
		};
		DE29B6C52B2FD495006CC373 = {
			isa = PBXGroup;
			children = (
				DE29B6D02B2FD495006CC373 /* gallery */,
				DE29B6CF2B2FD495006CC373 /* Products */,
			);
			sourceTree = "<group>";
		};
		DE29B6CF2B2FD495006CC373 /* Products */ = {
			isa = PBXGroup;
			children = (
				DE29B6CE2B2FD495006CC373 /* gallery.app */,
			);
			name = Products;
			sourceTree = "<group>";
		};
		DE29B6D02B2FD495006CC373 /* gallery */ = {
			isa = PBXGroup;
			children = (
				DEB980782B4449660083DC50 /* SearchableBar */,
				DE14C14F2B44342A00C5B5BB /* ScrollProgressTracker */,
				DEBA94F12B367AAC006F1FF2 /* ThemeChange */,
				DEF3F11A2B3453A300FBAE33 /* ComplexScroll */,
				DE2B5B752B32FD9C00A19C02 /* DragAndDrop */,
				DEE7B3952B31718C00807354 /* Article */,
				DEA719582B312649002C8A7E /* Carousal */,
				DEA719522B312649002C8A7E /* ColorCardGestureRotation */,
				DEA7194E2B312649002C8A7E /* Gestures */,
				DEA719562B312649002C8A7E /* LiquidButton */,
				DEA7195D2B31264A002C8A7E /* MorphingDrag */,
				DEA719502B312649002C8A7E /* RollingDice */,
				DEA7195B2B312649002C8A7E /* ScrollTransitions */,
				DEA719542B312649002C8A7E /* Tip */,
				DEA7194C2B312649002C8A7E /* Toast */,
				DE29B6D12B2FD495006CC373 /* galleryApp.swift */,
				DE29B6D32B2FD495006CC373 /* ContentView.swift */,
				DE29B6D52B2FD497006CC373 /* Assets.xcassets */,
				DE29B6D72B2FD497006CC373 /* Preview Content */,
			);
			path = gallery;
			sourceTree = "<group>";
		};
		DE29B6D72B2FD497006CC373 /* Preview Content */ = {
			isa = PBXGroup;
			children = (
				DE29B6D82B2FD497006CC373 /* Preview Assets.xcassets */,
			);
			path = "Preview Content";
			sourceTree = "<group>";
		};
		DE2B5B752B32FD9C00A19C02 /* DragAndDrop */ = {
			isa = PBXGroup;
			children = (
				DE2B5B762B32FDAC00A19C02 /* DragDropView.swift */,
				DE2B5B782B32FF5900A19C02 /* DropViewDelegate.swift */,
				DE83A42C2B33BF210050523F /* DragV2View.swift */,
			);
			path = DragAndDrop;
			sourceTree = "<group>";
		};
		DEA7194C2B312649002C8A7E /* Toast */ = {
			isa = PBXGroup;
			children = (
				DEA7194D2B312649002C8A7E /* Toast.swift */,
			);
			path = Toast;
			sourceTree = "<group>";
		};
		DEA7194E2B312649002C8A7E /* Gestures */ = {
			isa = PBXGroup;
			children = (
				DEA7194F2B312649002C8A7E /* Gesture.swift */,
			);
			path = Gestures;
			sourceTree = "<group>";
		};
		DEA719502B312649002C8A7E /* RollingDice */ = {
			isa = PBXGroup;
			children = (
				DEA719512B312649002C8A7E /* RollingDiceView.swift */,
			);
			path = RollingDice;
			sourceTree = "<group>";
		};
		DEA719522B312649002C8A7E /* ColorCardGestureRotation */ = {
			isa = PBXGroup;
			children = (
				DEA719532B312649002C8A7E /* ColorCardsGestureRotationView.swift */,
			);
			path = ColorCardGestureRotation;
			sourceTree = "<group>";
		};
		DEA719542B312649002C8A7E /* Tip */ = {
			isa = PBXGroup;
			children = (
				DEA719552B312649002C8A7E /* TipView.swift */,
			);
			path = Tip;
			sourceTree = "<group>";
		};
		DEA719562B312649002C8A7E /* LiquidButton */ = {
			isa = PBXGroup;
			children = (
				DEA719572B312649002C8A7E /* LiquidButtonView.swift */,
			);
			path = LiquidButton;
			sourceTree = "<group>";
		};
		DEA719582B312649002C8A7E /* Carousal */ = {
			isa = PBXGroup;
			children = (
				DEA719592B312649002C8A7E /* CarousalView.swift */,
				DEA7195A2B312649002C8A7E /* CarousalCell.swift */,
			);
			path = Carousal;
			sourceTree = "<group>";
		};
		DEA7195B2B312649002C8A7E /* ScrollTransitions */ = {
			isa = PBXGroup;
			children = (
				DEA7195C2B312649002C8A7E /* ScrollTransitions.swift */,
			);
			path = ScrollTransitions;
			sourceTree = "<group>";
		};
		DEA7195D2B31264A002C8A7E /* MorphingDrag */ = {
			isa = PBXGroup;
			children = (
				DEA7195E2B31264A002C8A7E /* MorphingDragEffectView.swift */,
			);
			path = MorphingDrag;
			sourceTree = "<group>";
		};
		DEB980782B4449660083DC50 /* SearchableBar */ = {
			isa = PBXGroup;
			children = (
				DEB980792B4449750083DC50 /* SearchableBar.swift */,
			);
			path = SearchableBar;
			sourceTree = "<group>";
		};
		DEBA94F12B367AAC006F1FF2 /* ThemeChange */ = {
			isa = PBXGroup;
			children = (
				DEBA94F22B367ABF006F1FF2 /* ThemeChangeView.swift */,
			);
			path = ThemeChange;
			sourceTree = "<group>";
		};
		DEE7B3952B31718C00807354 /* Article */ = {
			isa = PBXGroup;
			children = (
				DEE7B3972B31719F00807354 /* ArticleVIew.swift */,
			);
			path = Article;
			sourceTree = "<group>";
		};
		DEF3F11A2B3453A300FBAE33 /* ComplexScroll */ = {
			isa = PBXGroup;
			children = (
				DEF3F11B2B3453C300FBAE33 /* Expense.swift */,
				DEF3F11D2B34546C00FBAE33 /* Home.swift */,
			);
			path = ComplexScroll;
			sourceTree = "<group>";
		};
/* End PBXGroup section */

/* Begin PBXNativeTarget section */
		DE29B6CD2B2FD495006CC373 /* gallery */ = {
			isa = PBXNativeTarget;
			buildConfigurationList = DE29B6DC2B2FD497006CC373 /* Build configuration list for PBXNativeTarget "gallery" */;
			buildPhases = (
				DE29B6CA2B2FD495006CC373 /* Sources */,
				DE29B6CB2B2FD495006CC373 /* Frameworks */,
				DE29B6CC2B2FD495006CC373 /* Resources */,
			);
			buildRules = (
			);
			dependencies = (
			);
			name = gallery;
			productName = gallery;
			productReference = DE29B6CE2B2FD495006CC373 /* gallery.app */;
			productType = "com.apple.product-type.application";
		};
/* End PBXNativeTarget section */

/* Begin PBXProject section */
		DE29B6C62B2FD495006CC373 /* Project object */ = {
			isa = PBXProject;
			attributes = {
				BuildIndependentTargetsInParallel = 1;
				LastSwiftUpdateCheck = 1500;
				LastUpgradeCheck = 1500;
				TargetAttributes = {
					DE29B6CD2B2FD495006CC373 = {
						CreatedOnToolsVersion = 15.0.1;
					};
				};
			};
			buildConfigurationList = DE29B6C92B2FD495006CC373 /* Build configuration list for PBXProject "gallery" */;
			compatibilityVersion = "Xcode 14.0";
			developmentRegion = en;
			hasScannedForEncodings = 0;
			knownRegions = (
				en,
				Base,
			);
			mainGroup = DE29B6C52B2FD495006CC373;
			productRefGroup = DE29B6CF2B2FD495006CC373 /* Products */;
			projectDirPath = "";
			projectRoot = "";
			targets = (
				DE29B6CD2B2FD495006CC373 /* gallery */,
			);
		};
/* End PBXProject section */

/* Begin PBXResourcesBuildPhase section */
		DE29B6CC2B2FD495006CC373 /* Resources */ = {
			isa = PBXResourcesBuildPhase;
			buildActionMask = 2147483647;
			files = (
				DE29B6D92B2FD497006CC373 /* Preview Assets.xcassets in Resources */,
				DE29B6D62B2FD497006CC373 /* Assets.xcassets in Resources */,
			);
			runOnlyForDeploymentPostprocessing = 0;
		};
/* End PBXResourcesBuildPhase section */

/* Begin PBXSourcesBuildPhase section */
		DE29B6CA2B2FD495006CC373 /* Sources */ = {
			isa = PBXSourcesBuildPhase;
			buildActionMask = 2147483647;
			files = (
				DEF3F11C2B3453C300FBAE33 /* Expense.swift in Sources */,
				DEA719642B31264A002C8A7E /* LiquidButtonView.swift in Sources */,
				DEA719682B31264A002C8A7E /* MorphingDragEffectView.swift in Sources */,
				DEA719662B31264A002C8A7E /* CarousalCell.swift in Sources */,
				DEA719632B31264A002C8A7E /* TipView.swift in Sources */,
				DEA719622B31264A002C8A7E /* ColorCardsGestureRotationView.swift in Sources */,
				DEF3F11E2B34546C00FBAE33 /* Home.swift in Sources */,
				DE2B5B772B32FDAC00A19C02 /* DragDropView.swift in Sources */,
				DEBA94F32B367ABF006F1FF2 /* ThemeChangeView.swift in Sources */,
				DE29B6D42B2FD495006CC373 /* ContentView.swift in Sources */,
				DE14C1512B44344300C5B5BB /* ScrollProgressView.swift in Sources */,
				DEB9807A2B4449750083DC50 /* SearchableBar.swift in Sources */,
				DEA7195F2B31264A002C8A7E /* Toast.swift in Sources */,
				DE2B5B792B32FF5900A19C02 /* DropViewDelegate.swift in Sources */,
				DE29B6D22B2FD495006CC373 /* galleryApp.swift in Sources */,
				DEE7B3982B31719F00807354 /* ArticleVIew.swift in Sources */,
				DEA719602B31264A002C8A7E /* Gesture.swift in Sources */,
				DE83A42D2B33BF210050523F /* DragV2View.swift in Sources */,
				DEA719652B31264A002C8A7E /* CarousalView.swift in Sources */,
				DEA719612B31264A002C8A7E /* RollingDiceView.swift in Sources */,
				DEA719672B31264A002C8A7E /* ScrollTransitions.swift in Sources */,
			);
			runOnlyForDeploymentPostprocessing = 0;
		};
/* End PBXSourcesBuildPhase section */

/* Begin XCBuildConfiguration section */
		DE29B6DA2B2FD497006CC373 /* Debug */ = {
			isa = XCBuildConfiguration;
			buildSettings = {
				ALWAYS_SEARCH_USER_PATHS = NO;
				ASSETCATALOG_COMPILER_GENERATE_SWIFT_ASSET_SYMBOL_EXTENSIONS = YES;
				CLANG_ANALYZER_NONNULL = YES;
				CLANG_ANALYZER_NUMBER_OBJECT_CONVERSION = YES_AGGRESSIVE;
				CLANG_CXX_LANGUAGE_STANDARD = "gnu++20";
				CLANG_ENABLE_MODULES = YES;
				CLANG_ENABLE_OBJC_ARC = YES;
				CLANG_ENABLE_OBJC_WEAK = YES;
				CLANG_WARN_BLOCK_CAPTURE_AUTORELEASING = YES;
				CLANG_WARN_BOOL_CONVERSION = YES;
				CLANG_WARN_COMMA = YES;
				CLANG_WARN_CONSTANT_CONVERSION = YES;
				CLANG_WARN_DEPRECATED_OBJC_IMPLEMENTATIONS = YES;
				CLANG_WARN_DIRECT_OBJC_ISA_USAGE = YES_ERROR;
				CLANG_WARN_DOCUMENTATION_COMMENTS = YES;
				CLANG_WARN_EMPTY_BODY = YES;
				CLANG_WARN_ENUM_CONVERSION = YES;
				CLANG_WARN_INFINITE_RECURSION = YES;
				CLANG_WARN_INT_CONVERSION = YES;
				CLANG_WARN_NON_LITERAL_NULL_CONVERSION = YES;
				CLANG_WARN_OBJC_IMPLICIT_RETAIN_SELF = YES;
				CLANG_WARN_OBJC_LITERAL_CONVERSION = YES;
				CLANG_WARN_OBJC_ROOT_CLASS = YES_ERROR;
				CLANG_WARN_QUOTED_INCLUDE_IN_FRAMEWORK_HEADER = YES;
				CLANG_WARN_RANGE_LOOP_ANALYSIS = YES;
				CLANG_WARN_STRICT_PROTOTYPES = YES;
				CLANG_WARN_SUSPICIOUS_MOVE = YES;
				CLANG_WARN_UNGUARDED_AVAILABILITY = YES_AGGRESSIVE;
				CLANG_WARN_UNREACHABLE_CODE = YES;
				CLANG_WARN__DUPLICATE_METHOD_MATCH = YES;
				COPY_PHASE_STRIP = NO;
				DEBUG_INFORMATION_FORMAT = dwarf;
				ENABLE_STRICT_OBJC_MSGSEND = YES;
				ENABLE_TESTABILITY = YES;
				ENABLE_USER_SCRIPT_SANDBOXING = YES;
				GCC_C_LANGUAGE_STANDARD = gnu17;
				GCC_DYNAMIC_NO_PIC = NO;
				GCC_NO_COMMON_BLOCKS = YES;
				GCC_OPTIMIZATION_LEVEL = 0;
				GCC_PREPROCESSOR_DEFINITIONS = (
					"DEBUG=1",
					"$(inherited)",
				);
				GCC_WARN_64_TO_32_BIT_CONVERSION = YES;
				GCC_WARN_ABOUT_RETURN_TYPE = YES_ERROR;
				GCC_WARN_UNDECLARED_SELECTOR = YES;
				GCC_WARN_UNINITIALIZED_AUTOS = YES_AGGRESSIVE;
				GCC_WARN_UNUSED_FUNCTION = YES;
				GCC_WARN_UNUSED_VARIABLE = YES;
				IPHONEOS_DEPLOYMENT_TARGET = 17.0;
				LOCALIZATION_PREFERS_STRING_CATALOGS = YES;
				MTL_ENABLE_DEBUG_INFO = INCLUDE_SOURCE;
				MTL_FAST_MATH = YES;
				ONLY_ACTIVE_ARCH = YES;
				SDKROOT = iphoneos;
				SWIFT_ACTIVE_COMPILATION_CONDITIONS = "DEBUG $(inherited)";
				SWIFT_OPTIMIZATION_LEVEL = "-Onone";
			};
			name = Debug;
		};
		DE29B6DB2B2FD497006CC373 /* Release */ = {
			isa = XCBuildConfiguration;
			buildSettings = {
				ALWAYS_SEARCH_USER_PATHS = NO;
				ASSETCATALOG_COMPILER_GENERATE_SWIFT_ASSET_SYMBOL_EXTENSIONS = YES;
				CLANG_ANALYZER_NONNULL = YES;
				CLANG_ANALYZER_NUMBER_OBJECT_CONVERSION = YES_AGGRESSIVE;
				CLANG_CXX_LANGUAGE_STANDARD = "gnu++20";
				CLANG_ENABLE_MODULES = YES;
				CLANG_ENABLE_OBJC_ARC = YES;
				CLANG_ENABLE_OBJC_WEAK = YES;
				CLANG_WARN_BLOCK_CAPTURE_AUTORELEASING = YES;
				CLANG_WARN_BOOL_CONVERSION = YES;
				CLANG_WARN_COMMA = YES;
				CLANG_WARN_CONSTANT_CONVERSION = YES;
				CLANG_WARN_DEPRECATED_OBJC_IMPLEMENTATIONS = YES;
				CLANG_WARN_DIRECT_OBJC_ISA_USAGE = YES_ERROR;
				CLANG_WARN_DOCUMENTATION_COMMENTS = YES;
				CLANG_WARN_EMPTY_BODY = YES;
				CLANG_WARN_ENUM_CONVERSION = YES;
				CLANG_WARN_INFINITE_RECURSION = YES;
				CLANG_WARN_INT_CONVERSION = YES;
				CLANG_WARN_NON_LITERAL_NULL_CONVERSION = YES;
				CLANG_WARN_OBJC_IMPLICIT_RETAIN_SELF = YES;
				CLANG_WARN_OBJC_LITERAL_CONVERSION = YES;
				CLANG_WARN_OBJC_ROOT_CLASS = YES_ERROR;
				CLANG_WARN_QUOTED_INCLUDE_IN_FRAMEWORK_HEADER = YES;
				CLANG_WARN_RANGE_LOOP_ANALYSIS = YES;
				CLANG_WARN_STRICT_PROTOTYPES = YES;
				CLANG_WARN_SUSPICIOUS_MOVE = YES;
				CLANG_WARN_UNGUARDED_AVAILABILITY = YES_AGGRESSIVE;
				CLANG_WARN_UNREACHABLE_CODE = YES;
				CLANG_WARN__DUPLICATE_METHOD_MATCH = YES;
				COPY_PHASE_STRIP = NO;
				DEBUG_INFORMATION_FORMAT = "dwarf-with-dsym";
				ENABLE_NS_ASSERTIONS = NO;
				ENABLE_STRICT_OBJC_MSGSEND = YES;
				ENABLE_USER_SCRIPT_SANDBOXING = YES;
				GCC_C_LANGUAGE_STANDARD = gnu17;
				GCC_NO_COMMON_BLOCKS = YES;
				GCC_WARN_64_TO_32_BIT_CONVERSION = YES;
				GCC_WARN_ABOUT_RETURN_TYPE = YES_ERROR;
				GCC_WARN_UNDECLARED_SELECTOR = YES;
				GCC_WARN_UNINITIALIZED_AUTOS = YES_AGGRESSIVE;
				GCC_WARN_UNUSED_FUNCTION = YES;
				GCC_WARN_UNUSED_VARIABLE = YES;
				IPHONEOS_DEPLOYMENT_TARGET = 17.0;
				LOCALIZATION_PREFERS_STRING_CATALOGS = YES;
				MTL_ENABLE_DEBUG_INFO = NO;
				MTL_FAST_MATH = YES;
				SDKROOT = iphoneos;
				SWIFT_COMPILATION_MODE = wholemodule;
				VALIDATE_PRODUCT = YES;
			};
			name = Release;
		};
		DE29B6DD2B2FD497006CC373 /* Debug */ = {
			isa = XCBuildConfiguration;
			buildSettings = {
				ASSETCATALOG_COMPILER_APPICON_NAME = AppIcon;
				ASSETCATALOG_COMPILER_GLOBAL_ACCENT_COLOR_NAME = AccentColor;
				CODE_SIGN_STYLE = Automatic;
				CURRENT_PROJECT_VERSION = 1;
				DEVELOPMENT_ASSET_PATHS = "\"gallery/Preview Content\"";
				DEVELOPMENT_TEAM = C56CF3UWG4;
				ENABLE_PREVIEWS = YES;
				GENERATE_INFOPLIST_FILE = YES;
				INFOPLIST_KEY_UIApplicationSceneManifest_Generation = YES;
				INFOPLIST_KEY_UIApplicationSupportsIndirectInputEvents = YES;
				INFOPLIST_KEY_UILaunchScreen_Generation = YES;
				INFOPLIST_KEY_UISupportedInterfaceOrientations_iPad = "UIInterfaceOrientationPortrait UIInterfaceOrientationPortraitUpsideDown UIInterfaceOrientationLandscapeLeft UIInterfaceOrientationLandscapeRight";
				INFOPLIST_KEY_UISupportedInterfaceOrientations_iPhone = "UIInterfaceOrientationPortrait UIInterfaceOrientationLandscapeLeft UIInterfaceOrientationLandscapeRight";
				LD_RUNPATH_SEARCH_PATHS = (
					"$(inherited)",
					"@executable_path/Frameworks",
				);
				MARKETING_VERSION = 1.0;
				PRODUCT_BUNDLE_IDENTIFIER = com.c1ayvveng.gallery;
				PRODUCT_NAME = "$(TARGET_NAME)";
				SWIFT_EMIT_LOC_STRINGS = YES;
				SWIFT_VERSION = 5.0;
				TARGETED_DEVICE_FAMILY = "1,2";
			};
			name = Debug;
		};
		DE29B6DE2B2FD497006CC373 /* Release */ = {
			isa = XCBuildConfiguration;
			buildSettings = {
				ASSETCATALOG_COMPILER_APPICON_NAME = AppIcon;
				ASSETCATALOG_COMPILER_GLOBAL_ACCENT_COLOR_NAME = AccentColor;
				CODE_SIGN_STYLE = Automatic;
				CURRENT_PROJECT_VERSION = 1;
				DEVELOPMENT_ASSET_PATHS = "\"gallery/Preview Content\"";
				DEVELOPMENT_TEAM = C56CF3UWG4;
				ENABLE_PREVIEWS = YES;
				GENERATE_INFOPLIST_FILE = YES;
				INFOPLIST_KEY_UIApplicationSceneManifest_Generation = YES;
				INFOPLIST_KEY_UIApplicationSupportsIndirectInputEvents = YES;
				INFOPLIST_KEY_UILaunchScreen_Generation = YES;
				INFOPLIST_KEY_UISupportedInterfaceOrientations_iPad = "UIInterfaceOrientationPortrait UIInterfaceOrientationPortraitUpsideDown UIInterfaceOrientationLandscapeLeft UIInterfaceOrientationLandscapeRight";
				INFOPLIST_KEY_UISupportedInterfaceOrientations_iPhone = "UIInterfaceOrientationPortrait UIInterfaceOrientationLandscapeLeft UIInterfaceOrientationLandscapeRight";
				LD_RUNPATH_SEARCH_PATHS = (
					"$(inherited)",
					"@executable_path/Frameworks",
				);
				MARKETING_VERSION = 1.0;
				PRODUCT_BUNDLE_IDENTIFIER = com.c1ayvveng.gallery;
				PRODUCT_NAME = "$(TARGET_NAME)";
				SWIFT_EMIT_LOC_STRINGS = YES;
				SWIFT_VERSION = 5.0;
				TARGETED_DEVICE_FAMILY = "1,2";
			};
			name = Release;
		};
/* End XCBuildConfiguration section */

/* Begin XCConfigurationList section */
		DE29B6C92B2FD495006CC373 /* Build configuration list for PBXProject "gallery" */ = {
			isa = XCConfigurationList;
			buildConfigurations = (
				DE29B6DA2B2FD497006CC373 /* Debug */,
				DE29B6DB2B2FD497006CC373 /* Release */,
			);
			defaultConfigurationIsVisible = 0;
			defaultConfigurationName = Release;
		};
		DE29B6DC2B2FD497006CC373 /* Build configuration list for PBXNativeTarget "gallery" */ = {
			isa = XCConfigurationList;
			buildConfigurations = (
				DE29B6DD2B2FD497006CC373 /* Debug */,
				DE29B6DE2B2FD497006CC373 /* Release */,
			);
			defaultConfigurationIsVisible = 0;
			defaultConfigurationName = Release;
		};
/* End XCConfigurationList section */
	};
	rootObject = DE29B6C62B2FD495006CC373 /* Project object */;
}
