// !$*UTF8*$!
{
	archiveVersion = 1;
	classes = {
	};
	objectVersion = 56;
	objects = {

/* Begin PBXBuildFile section */
		DE29B6D22B2FD495006CC373 /* galleryApp.swift in Sources */ = {isa = PBXBuildFile; fileRef = DE29B6D12B2FD495006CC373 /* galleryApp.swift */; };
		DE29B6D42B2FD495006CC373 /* ContentView.swift in Sources */ = {isa = PBXBuildFile; fileRef = DE29B6D32B2FD495006CC373 /* ContentView.swift */; };
		DE29B6D62B2FD497006CC373 /* Assets.xcassets in Resources */ = {isa = PBXBuildFile; fileRef = DE29B6D52B2FD497006CC373 /* Assets.xcassets */; };
		DE29B6D92B2FD497006CC373 /* Preview Assets.xcassets in Resources */ = {isa = PBXBuildFile; fileRef = DE29B6D82B2FD497006CC373 /* Preview Assets.xcassets */; };
		DE29B6EC2B2FD4AF006CC373 /* ScrollTransitions.swift in Sources */ = {isa = PBXBuildFile; fileRef = DE29B6E02B2FD4AF006CC373 /* ScrollTransitions.swift */; };
		DE29B6ED2B2FD4AF006CC373 /* CarousalView.swift in Sources */ = {isa = PBXBuildFile; fileRef = DE29B6E22B2FD4AF006CC373 /* CarousalView.swift */; };
		DE29B6EE2B2FD4AF006CC373 /* CarousalCell.swift in Sources */ = {isa = PBXBuildFile; fileRef = DE29B6E32B2FD4AF006CC373 /* CarousalCell.swift */; };
		DE29B6EF2B2FD4AF006CC373 /* RollingDiceView.swift in Sources */ = {isa = PBXBuildFile; fileRef = DE29B6E52B2FD4AF006CC373 /* RollingDiceView.swift */; };
		DE29B6F02B2FD4AF006CC373 /* Toast.swift in Sources */ = {isa = PBXBuildFile; fileRef = DE29B6E72B2FD4AF006CC373 /* Toast.swift */; };
		DE29B6F12B2FD4AF006CC373 /* Gesture.swift in Sources */ = {isa = PBXBuildFile; fileRef = DE29B6E92B2FD4AF006CC373 /* Gesture.swift */; };
		DE29B6F22B2FD4AF006CC373 /* TipView.swift in Sources */ = {isa = PBXBuildFile; fileRef = DE29B6EB2B2FD4AF006CC373 /* TipView.swift */; };
/* End PBXBuildFile section */

/* Begin PBXFileReference section */
		DE29B6CE2B2FD495006CC373 /* gallery.app */ = {isa = PBXFileReference; explicitFileType = wrapper.application; includeInIndex = 0; path = gallery.app; sourceTree = BUILT_PRODUCTS_DIR; };
		DE29B6D12B2FD495006CC373 /* galleryApp.swift */ = {isa = PBXFileReference; lastKnownFileType = sourcecode.swift; path = galleryApp.swift; sourceTree = "<group>"; };
		DE29B6D32B2FD495006CC373 /* ContentView.swift */ = {isa = PBXFileReference; lastKnownFileType = sourcecode.swift; path = ContentView.swift; sourceTree = "<group>"; };
		DE29B6D52B2FD497006CC373 /* Assets.xcassets */ = {isa = PBXFileReference; lastKnownFileType = folder.assetcatalog; path = Assets.xcassets; sourceTree = "<group>"; };
		DE29B6D82B2FD497006CC373 /* Preview Assets.xcassets */ = {isa = PBXFileReference; lastKnownFileType = folder.assetcatalog; path = "Preview Assets.xcassets"; sourceTree = "<group>"; };
		DE29B6E02B2FD4AF006CC373 /* ScrollTransitions.swift */ = {isa = PBXFileReference; fileEncoding = 4; lastKnownFileType = sourcecode.swift; path = ScrollTransitions.swift; sourceTree = "<group>"; };
		DE29B6E22B2FD4AF006CC373 /* CarousalView.swift */ = {isa = PBXFileReference; fileEncoding = 4; lastKnownFileType = sourcecode.swift; path = CarousalView.swift; sourceTree = "<group>"; };
		DE29B6E32B2FD4AF006CC373 /* CarousalCell.swift */ = {isa = PBXFileReference; fileEncoding = 4; lastKnownFileType = sourcecode.swift; path = CarousalCell.swift; sourceTree = "<group>"; };
		DE29B6E52B2FD4AF006CC373 /* RollingDiceView.swift */ = {isa = PBXFileReference; fileEncoding = 4; lastKnownFileType = sourcecode.swift; path = RollingDiceView.swift; sourceTree = "<group>"; };
		DE29B6E72B2FD4AF006CC373 /* Toast.swift */ = {isa = PBXFileReference; fileEncoding = 4; lastKnownFileType = sourcecode.swift; path = Toast.swift; sourceTree = "<group>"; };
		DE29B6E92B2FD4AF006CC373 /* Gesture.swift */ = {isa = PBXFileReference; fileEncoding = 4; lastKnownFileType = sourcecode.swift; path = Gesture.swift; sourceTree = "<group>"; };
		DE29B6EB2B2FD4AF006CC373 /* TipView.swift */ = {isa = PBXFileReference; fileEncoding = 4; lastKnownFileType = sourcecode.swift; path = TipView.swift; sourceTree = "<group>"; };
/* End PBXFileReference section */

/* Begin PBXFrameworksBuildPhase section */
		DE29B6CB2B2FD495006CC373 /* Frameworks */ = {
			isa = PBXFrameworksBuildPhase;
			buildActionMask = 2147483647;
			files = (
			);
			runOnlyForDeploymentPostprocessing = 0;
		};
/* End PBXFrameworksBuildPhase section */

/* Begin PBXGroup section */
		DE29B6C52B2FD495006CC373 = {
			isa = PBXGroup;
			children = (
				DE29B6D02B2FD495006CC373 /* gallery */,
				DE29B6CF2B2FD495006CC373 /* Products */,
			);
			sourceTree = "<group>";
		};
		DE29B6CF2B2FD495006CC373 /* Products */ = {
			isa = PBXGroup;
			children = (
				DE29B6CE2B2FD495006CC373 /* gallery.app */,
			);
			name = Products;
			sourceTree = "<group>";
		};
		DE29B6D02B2FD495006CC373 /* gallery */ = {
			isa = PBXGroup;
			children = (
				DE29B6E12B2FD4AF006CC373 /* Carousal */,
				DE29B6E82B2FD4AF006CC373 /* Gestures */,
				DE29B6E42B2FD4AF006CC373 /* RollingDice */,
				DE29B6DF2B2FD4AF006CC373 /* ScrollTransitions */,
				DE29B6EA2B2FD4AF006CC373 /* Tip */,
				DE29B6E62B2FD4AF006CC373 /* Toast */,
				DE29B6D12B2FD495006CC373 /* galleryApp.swift */,
				DE29B6D32B2FD495006CC373 /* ContentView.swift */,
				DE29B6D52B2FD497006CC373 /* Assets.xcassets */,
				DE29B6D72B2FD497006CC373 /* Preview Content */,
			);
			path = gallery;
			sourceTree = "<group>";
		};
		DE29B6D72B2FD497006CC373 /* Preview Content */ = {
			isa = PBXGroup;
			children = (
				DE29B6D82B2FD497006CC373 /* Preview Assets.xcassets */,
			);
			path = "Preview Content";
			sourceTree = "<group>";
		};
		DE29B6DF2B2FD4AF006CC373 /* ScrollTransitions */ = {
			isa = PBXGroup;
			children = (
				DE29B6E02B2FD4AF006CC373 /* ScrollTransitions.swift */,
			);
			name = ScrollTransitions;
			path = ../../Carousal/Carousal/ScrollTransitions;
			sourceTree = "<group>";
		};
		DE29B6E12B2FD4AF006CC373 /* Carousal */ = {
			isa = PBXGroup;
			children = (
				DE29B6E22B2FD4AF006CC373 /* CarousalView.swift */,
				DE29B6E32B2FD4AF006CC373 /* CarousalCell.swift */,
			);
			name = Carousal;
			path = ../../Carousal/Carousal/Carousal;
			sourceTree = "<group>";
		};
		DE29B6E42B2FD4AF006CC373 /* RollingDice */ = {
			isa = PBXGroup;
			children = (
				DE29B6E52B2FD4AF006CC373 /* RollingDiceView.swift */,
			);
			name = RollingDice;
			path = ../../Carousal/Carousal/RollingDice;
			sourceTree = "<group>";
		};
		DE29B6E62B2FD4AF006CC373 /* Toast */ = {
			isa = PBXGroup;
			children = (
				DE29B6E72B2FD4AF006CC373 /* Toast.swift */,
			);
			name = Toast;
			path = ../../Carousal/Carousal/Toast;
			sourceTree = "<group>";
		};
		DE29B6E82B2FD4AF006CC373 /* Gestures */ = {
			isa = PBXGroup;
			children = (
				DE29B6E92B2FD4AF006CC373 /* Gesture.swift */,
			);
			name = Gestures;
			path = ../../Carousal/Carousal/Gestures;
			sourceTree = "<group>";
		};
		DE29B6EA2B2FD4AF006CC373 /* Tip */ = {
			isa = PBXGroup;
			children = (
				DE29B6EB2B2FD4AF006CC373 /* TipView.swift */,
			);
			name = Tip;
			path = ../../Carousal/Carousal/Tip;
			sourceTree = "<group>";
		};
/* End PBXGroup section */

/* Begin PBXNativeTarget section */
		DE29B6CD2B2FD495006CC373 /* gallery */ = {
			isa = PBXNativeTarget;
			buildConfigurationList = DE29B6DC2B2FD497006CC373 /* Build configuration list for PBXNativeTarget "gallery" */;
			buildPhases = (
				DE29B6CA2B2FD495006CC373 /* Sources */,
				DE29B6CB2B2FD495006CC373 /* Frameworks */,
				DE29B6CC2B2FD495006CC373 /* Resources */,
			);
			buildRules = (
			);
			dependencies = (
			);
			name = gallery;
			productName = gallery;
			productReference = DE29B6CE2B2FD495006CC373 /* gallery.app */;
			productType = "com.apple.product-type.application";
		};
/* End PBXNativeTarget section */

/* Begin PBXProject section */
		DE29B6C62B2FD495006CC373 /* Project object */ = {
			isa = PBXProject;
			attributes = {
				BuildIndependentTargetsInParallel = 1;
				LastSwiftUpdateCheck = 1500;
				LastUpgradeCheck = 1500;
				TargetAttributes = {
					DE29B6CD2B2FD495006CC373 = {
						CreatedOnToolsVersion = 15.0.1;
					};
				};
			};
			buildConfigurationList = DE29B6C92B2FD495006CC373 /* Build configuration list for PBXProject "gallery" */;
			compatibilityVersion = "Xcode 14.0";
			developmentRegion = en;
			hasScannedForEncodings = 0;
			knownRegions = (
				en,
				Base,
			);
			mainGroup = DE29B6C52B2FD495006CC373;
			productRefGroup = DE29B6CF2B2FD495006CC373 /* Products */;
			projectDirPath = "";
			projectRoot = "";
			targets = (
				DE29B6CD2B2FD495006CC373 /* gallery */,
			);
		};
/* End PBXProject section */

/* Begin PBXResourcesBuildPhase section */
		DE29B6CC2B2FD495006CC373 /* Resources */ = {
			isa = PBXResourcesBuildPhase;
			buildActionMask = 2147483647;
			files = (
				DE29B6D92B2FD497006CC373 /* Preview Assets.xcassets in Resources */,
				DE29B6D62B2FD497006CC373 /* Assets.xcassets in Resources */,
			);
			runOnlyForDeploymentPostprocessing = 0;
		};
/* End PBXResourcesBuildPhase section */

/* Begin PBXSourcesBuildPhase section */
		DE29B6CA2B2FD495006CC373 /* Sources */ = {
			isa = PBXSourcesBuildPhase;
			buildActionMask = 2147483647;
			files = (
				DE29B6D42B2FD495006CC373 /* ContentView.swift in Sources */,
				DE29B6EF2B2FD4AF006CC373 /* RollingDiceView.swift in Sources */,
				DE29B6EE2B2FD4AF006CC373 /* CarousalCell.swift in Sources */,
				DE29B6D22B2FD495006CC373 /* galleryApp.swift in Sources */,
				DE29B6ED2B2FD4AF006CC373 /* CarousalView.swift in Sources */,
				DE29B6EC2B2FD4AF006CC373 /* ScrollTransitions.swift in Sources */,
				DE29B6F02B2FD4AF006CC373 /* Toast.swift in Sources */,
				DE29B6F12B2FD4AF006CC373 /* Gesture.swift in Sources */,
				DE29B6F22B2FD4AF006CC373 /* TipView.swift in Sources */,
			);
			runOnlyForDeploymentPostprocessing = 0;
		};
/* End PBXSourcesBuildPhase section */

/* Begin XCBuildConfiguration section */
		DE29B6DA2B2FD497006CC373 /* Debug */ = {
			isa = XCBuildConfiguration;
			buildSettings = {
				ALWAYS_SEARCH_USER_PATHS = NO;
				ASSETCATALOG_COMPILER_GENERATE_SWIFT_ASSET_SYMBOL_EXTENSIONS = YES;
				CLANG_ANALYZER_NONNULL = YES;
				CLANG_ANALYZER_NUMBER_OBJECT_CONVERSION = YES_AGGRESSIVE;
				CLANG_CXX_LANGUAGE_STANDARD = "gnu++20";
				CLANG_ENABLE_MODULES = YES;
				CLANG_ENABLE_OBJC_ARC = YES;
				CLANG_ENABLE_OBJC_WEAK = YES;
				CLANG_WARN_BLOCK_CAPTURE_AUTORELEASING = YES;
				CLANG_WARN_BOOL_CONVERSION = YES;
				CLANG_WARN_COMMA = YES;
				CLANG_WARN_CONSTANT_CONVERSION = YES;
				CLANG_WARN_DEPRECATED_OBJC_IMPLEMENTATIONS = YES;
				CLANG_WARN_DIRECT_OBJC_ISA_USAGE = YES_ERROR;
				CLANG_WARN_DOCUMENTATION_COMMENTS = YES;
				CLANG_WARN_EMPTY_BODY = YES;
				CLANG_WARN_ENUM_CONVERSION = YES;
				CLANG_WARN_INFINITE_RECURSION = YES;
				CLANG_WARN_INT_CONVERSION = YES;
				CLANG_WARN_NON_LITERAL_NULL_CONVERSION = YES;
				CLANG_WARN_OBJC_IMPLICIT_RETAIN_SELF = YES;
				CLANG_WARN_OBJC_LITERAL_CONVERSION = YES;
				CLANG_WARN_OBJC_ROOT_CLASS = YES_ERROR;
				CLANG_WARN_QUOTED_INCLUDE_IN_FRAMEWORK_HEADER = YES;
				CLANG_WARN_RANGE_LOOP_ANALYSIS = YES;
				CLANG_WARN_STRICT_PROTOTYPES = YES;
				CLANG_WARN_SUSPICIOUS_MOVE = YES;
				CLANG_WARN_UNGUARDED_AVAILABILITY = YES_AGGRESSIVE;
				CLANG_WARN_UNREACHABLE_CODE = YES;
				CLANG_WARN__DUPLICATE_METHOD_MATCH = YES;
				COPY_PHASE_STRIP = NO;
				DEBUG_INFORMATION_FORMAT = dwarf;
				ENABLE_STRICT_OBJC_MSGSEND = YES;
				ENABLE_TESTABILITY = YES;
				ENABLE_USER_SCRIPT_SANDBOXING = YES;
				GCC_C_LANGUAGE_STANDARD = gnu17;
				GCC_DYNAMIC_NO_PIC = NO;
				GCC_NO_COMMON_BLOCKS = YES;
				GCC_OPTIMIZATION_LEVEL = 0;
				GCC_PREPROCESSOR_DEFINITIONS = (
					"DEBUG=1",
					"$(inherited)",
				);
				GCC_WARN_64_TO_32_BIT_CONVERSION = YES;
				GCC_WARN_ABOUT_RETURN_TYPE = YES_ERROR;
				GCC_WARN_UNDECLARED_SELECTOR = YES;
				GCC_WARN_UNINITIALIZED_AUTOS = YES_AGGRESSIVE;
				GCC_WARN_UNUSED_FUNCTION = YES;
				GCC_WARN_UNUSED_VARIABLE = YES;
				IPHONEOS_DEPLOYMENT_TARGET = 17.0;
				LOCALIZATION_PREFERS_STRING_CATALOGS = YES;
				MTL_ENABLE_DEBUG_INFO = INCLUDE_SOURCE;
				MTL_FAST_MATH = YES;
				ONLY_ACTIVE_ARCH = YES;
				SDKROOT = iphoneos;
				SWIFT_ACTIVE_COMPILATION_CONDITIONS = "DEBUG $(inherited)";
				SWIFT_OPTIMIZATION_LEVEL = "-Onone";
			};
			name = Debug;
		};
		DE29B6DB2B2FD497006CC373 /* Release */ = {
			isa = XCBuildConfiguration;
			buildSettings = {
				ALWAYS_SEARCH_USER_PATHS = NO;
				ASSETCATALOG_COMPILER_GENERATE_SWIFT_ASSET_SYMBOL_EXTENSIONS = YES;
				CLANG_ANALYZER_NONNULL = YES;
				CLANG_ANALYZER_NUMBER_OBJECT_CONVERSION = YES_AGGRESSIVE;
				CLANG_CXX_LANGUAGE_STANDARD = "gnu++20";
				CLANG_ENABLE_MODULES = YES;
				CLANG_ENABLE_OBJC_ARC = YES;
				CLANG_ENABLE_OBJC_WEAK = YES;
				CLANG_WARN_BLOCK_CAPTURE_AUTORELEASING = YES;
				CLANG_WARN_BOOL_CONVERSION = YES;
				CLANG_WARN_COMMA = YES;
				CLANG_WARN_CONSTANT_CONVERSION = YES;
				CLANG_WARN_DEPRECATED_OBJC_IMPLEMENTATIONS = YES;
				CLANG_WARN_DIRECT_OBJC_ISA_USAGE = YES_ERROR;
				CLANG_WARN_DOCUMENTATION_COMMENTS = YES;
				CLANG_WARN_EMPTY_BODY = YES;
				CLANG_WARN_ENUM_CONVERSION = YES;
				CLANG_WARN_INFINITE_RECURSION = YES;
				CLANG_WARN_INT_CONVERSION = YES;
				CLANG_WARN_NON_LITERAL_NULL_CONVERSION = YES;
				CLANG_WARN_OBJC_IMPLICIT_RETAIN_SELF = YES;
				CLANG_WARN_OBJC_LITERAL_CONVERSION = YES;
				CLANG_WARN_OBJC_ROOT_CLASS = YES_ERROR;
				CLANG_WARN_QUOTED_INCLUDE_IN_FRAMEWORK_HEADER = YES;
				CLANG_WARN_RANGE_LOOP_ANALYSIS = YES;
				CLANG_WARN_STRICT_PROTOTYPES = YES;
				CLANG_WARN_SUSPICIOUS_MOVE = YES;
				CLANG_WARN_UNGUARDED_AVAILABILITY = YES_AGGRESSIVE;
				CLANG_WARN_UNREACHABLE_CODE = YES;
				CLANG_WARN__DUPLICATE_METHOD_MATCH = YES;
				COPY_PHASE_STRIP = NO;
				DEBUG_INFORMATION_FORMAT = "dwarf-with-dsym";
				ENABLE_NS_ASSERTIONS = NO;
				ENABLE_STRICT_OBJC_MSGSEND = YES;
				ENABLE_USER_SCRIPT_SANDBOXING = YES;
				GCC_C_LANGUAGE_STANDARD = gnu17;
				GCC_NO_COMMON_BLOCKS = YES;
				GCC_WARN_64_TO_32_BIT_CONVERSION = YES;
				GCC_WARN_ABOUT_RETURN_TYPE = YES_ERROR;
				GCC_WARN_UNDECLARED_SELECTOR = YES;
				GCC_WARN_UNINITIALIZED_AUTOS = YES_AGGRESSIVE;
				GCC_WARN_UNUSED_FUNCTION = YES;
				GCC_WARN_UNUSED_VARIABLE = YES;
				IPHONEOS_DEPLOYMENT_TARGET = 17.0;
				LOCALIZATION_PREFERS_STRING_CATALOGS = YES;
				MTL_ENABLE_DEBUG_INFO = NO;
				MTL_FAST_MATH = YES;
				SDKROOT = iphoneos;
				SWIFT_COMPILATION_MODE = wholemodule;
				VALIDATE_PRODUCT = YES;
			};
			name = Release;
		};
		DE29B6DD2B2FD497006CC373 /* Debug */ = {
			isa = XCBuildConfiguration;
			buildSettings = {
				ASSETCATALOG_COMPILER_APPICON_NAME = AppIcon;
				ASSETCATALOG_COMPILER_GLOBAL_ACCENT_COLOR_NAME = AccentColor;
				CODE_SIGN_STYLE = Automatic;
				CURRENT_PROJECT_VERSION = 1;
				DEVELOPMENT_ASSET_PATHS = "\"gallery/Preview Content\"";
				DEVELOPMENT_TEAM = C56CF3UWG4;
				ENABLE_PREVIEWS = YES;
				GENERATE_INFOPLIST_FILE = YES;
				INFOPLIST_KEY_UIApplicationSceneManifest_Generation = YES;
				INFOPLIST_KEY_UIApplicationSupportsIndirectInputEvents = YES;
				INFOPLIST_KEY_UILaunchScreen_Generation = YES;
				INFOPLIST_KEY_UISupportedInterfaceOrientations_iPad = "UIInterfaceOrientationPortrait UIInterfaceOrientationPortraitUpsideDown UIInterfaceOrientationLandscapeLeft UIInterfaceOrientationLandscapeRight";
				INFOPLIST_KEY_UISupportedInterfaceOrientations_iPhone = "UIInterfaceOrientationPortrait UIInterfaceOrientationLandscapeLeft UIInterfaceOrientationLandscapeRight";
				LD_RUNPATH_SEARCH_PATHS = (
					"$(inherited)",
					"@executable_path/Frameworks",
				);
				MARKETING_VERSION = 1.0;
				PRODUCT_BUNDLE_IDENTIFIER = com.c1ayvveng.gallery;
				PRODUCT_NAME = "$(TARGET_NAME)";
				SWIFT_EMIT_LOC_STRINGS = YES;
				SWIFT_VERSION = 5.0;
				TARGETED_DEVICE_FAMILY = "1,2";
			};
			name = Debug;
		};
		DE29B6DE2B2FD497006CC373 /* Release */ = {
			isa = XCBuildConfiguration;
			buildSettings = {
				ASSETCATALOG_COMPILER_APPICON_NAME = AppIcon;
				ASSETCATALOG_COMPILER_GLOBAL_ACCENT_COLOR_NAME = AccentColor;
				CODE_SIGN_STYLE = Automatic;
				CURRENT_PROJECT_VERSION = 1;
				DEVELOPMENT_ASSET_PATHS = "\"gallery/Preview Content\"";
				DEVELOPMENT_TEAM = C56CF3UWG4;
				ENABLE_PREVIEWS = YES;
				GENERATE_INFOPLIST_FILE = YES;
				INFOPLIST_KEY_UIApplicationSceneManifest_Generation = YES;
				INFOPLIST_KEY_UIApplicationSupportsIndirectInputEvents = YES;
				INFOPLIST_KEY_UILaunchScreen_Generation = YES;
				INFOPLIST_KEY_UISupportedInterfaceOrientations_iPad = "UIInterfaceOrientationPortrait UIInterfaceOrientationPortraitUpsideDown UIInterfaceOrientationLandscapeLeft UIInterfaceOrientationLandscapeRight";
				INFOPLIST_KEY_UISupportedInterfaceOrientations_iPhone = "UIInterfaceOrientationPortrait UIInterfaceOrientationLandscapeLeft UIInterfaceOrientationLandscapeRight";
				LD_RUNPATH_SEARCH_PATHS = (
					"$(inherited)",
					"@executable_path/Frameworks",
				);
				MARKETING_VERSION = 1.0;
				PRODUCT_BUNDLE_IDENTIFIER = com.c1ayvveng.gallery;
				PRODUCT_NAME = "$(TARGET_NAME)";
				SWIFT_EMIT_LOC_STRINGS = YES;
				SWIFT_VERSION = 5.0;
				TARGETED_DEVICE_FAMILY = "1,2";
			};
			name = Release;
		};
/* End XCBuildConfiguration section */

/* Begin XCConfigurationList section */
		DE29B6C92B2FD495006CC373 /* Build configuration list for PBXProject "gallery" */ = {
			isa = XCConfigurationList;
			buildConfigurations = (
				DE29B6DA2B2FD497006CC373 /* Debug */,
				DE29B6DB2B2FD497006CC373 /* Release */,
			);
			defaultConfigurationIsVisible = 0;
			defaultConfigurationName = Release;
		};
		DE29B6DC2B2FD497006CC373 /* Build configuration list for PBXNativeTarget "gallery" */ = {
			isa = XCConfigurationList;
			buildConfigurations = (
				DE29B6DD2B2FD497006CC373 /* Debug */,
				DE29B6DE2B2FD497006CC373 /* Release */,
			);
			defaultConfigurationIsVisible = 0;
			defaultConfigurationName = Release;
		};
/* End XCConfigurationList section */
	};
	rootObject = DE29B6C62B2FD495006CC373 /* Project object */;
}
